
Microsoft Visual Studio Solution File, Format Version 12.00
# Visual Studio Version 17
VisualStudioVersion = 17.14.36408.4 d17.14
MinimumVisualStudioVersion = 10.0.40219.1
Project("{FAE04EC0-301F-11D3-BF4B-00C04F79EFBC}") = "HollywoodHostelsPaymentSystem", "HollywoodHostelsPaymentSystem.csproj", "{ECA5C4F1-BA61-F43E-5D35-0E7B3F0D12BB}"
EndProject
Global
	GlobalSection(SolutionConfigurationPlatforms) = preSolution
		Debug|Any CPU = Debug|Any CPU
		Release|Any CPU = Release|Any CPU
	EndGlobalSection
	GlobalSection(ProjectConfigurationPlatforms) = postSolution
		{ECA5C4F1-BA61-F43E-5D35-0E7B3F0D12BB}.Debug|Any CPU.ActiveCfg = Debug|Any CPU
		{ECA5C4F1-BA61-F43E-5D35-0E7B3F0D12BB}.Debug|Any CPU.Build.0 = Debug|Any CPU
		{ECA5C4F1-BA61-F43E-5D35-0E7B3F0D12BB}.Release|Any CPU.ActiveCfg = Release|Any CPU
		{ECA5C4F1-BA61-F43E-5D35-0E7B3F0D12BB}.Release|Any CPU.Build.0 = Release|Any CPU
	EndGlobalSection
	GlobalSection(SolutionProperties) = preSolution
		HideSolutionNode = FALSE
	EndGlobalSection
	GlobalSection(ExtensibilityGlobals) = postSolution
		SolutionGuid = {399845C0-20B4-4552-AB87-E56235B78886}
	EndGlobalSection
EndGlobal
